
Microsoft Visual Studio Solution File, Format Version 12.00
# Visual Studio Version 16
VisualStudioVersion = 16.0.31205.134
MinimumVisualStudioVersion = 10.0.40219.1
Project("{9A19103F-16F7-4668-BE54-9A1E7A4F7556}") = "DesignPattern", "DesignPattern\DesignPattern.csproj", "{0E5AF67F-1A7F-46BA-A877-9944772EDFB4}"
EndProject
Project("{2150E333-8FDC-42A3-9474-1A3956D46DE8}") = "Solution Items", "Solution Items", "{5D278AF1-1324-42AD-B8D4-F11EA1B91512}"
	ProjectSection(SolutionItems) = preProject
		LICENSE = LICENSE
		README.md = README.md
	EndProjectSection
EndProject
Project("{9A19103F-16F7-4668-BE54-9A1E7A4F7556}") = "Observer", "Observer\Observer.csproj", "{9EC9FA49-B001-4838-87B2-7F4A5751502B}"
EndProject
Project("{9A19103F-16F7-4668-BE54-9A1E7A4F7556}") = "Factory", "FactoryMethod\Factory.csproj", "{DD1CED92-9002-4EED-BC61-15EA33D9CC9F}"
EndProject
Project("{9A19103F-16F7-4668-BE54-9A1E7A4F7556}") = "Command", "Command\Command.csproj", "{7BD45244-B6EB-4B46-99A8-7E3AF867465E}"
EndProject
Project("{9A19103F-16F7-4668-BE54-9A1E7A4F7556}") = "AdapterAndFacade", "AdapterAndFacade\AdapterAndFacade.csproj", "{0ADB6157-8E5F-41D6-9860-11BF82FA9571}"
EndProject
Project("{FAE04EC0-301F-11D3-BF4B-00C04F79EFBC}") = "TemplateMethod", "TemplateMethod\TemplateMethod.csproj", "{A963747A-EA46-4DD6-A84D-90D95F7D0486}"
EndProject
Global
	GlobalSection(SolutionConfigurationPlatforms) = preSolution
		Debug|Any CPU = Debug|Any CPU
		Release|Any CPU = Release|Any CPU
	EndGlobalSection
	GlobalSection(ProjectConfigurationPlatforms) = postSolution
		{0E5AF67F-1A7F-46BA-A877-9944772EDFB4}.Debug|Any CPU.ActiveCfg = Debug|Any CPU
		{0E5AF67F-1A7F-46BA-A877-9944772EDFB4}.Debug|Any CPU.Build.0 = Debug|Any CPU
		{0E5AF67F-1A7F-46BA-A877-9944772EDFB4}.Release|Any CPU.ActiveCfg = Release|Any CPU
		{0E5AF67F-1A7F-46BA-A877-9944772EDFB4}.Release|Any CPU.Build.0 = Release|Any CPU
		{9EC9FA49-B001-4838-87B2-7F4A5751502B}.Debug|Any CPU.ActiveCfg = Debug|Any CPU
		{9EC9FA49-B001-4838-87B2-7F4A5751502B}.Debug|Any CPU.Build.0 = Debug|Any CPU
		{9EC9FA49-B001-4838-87B2-7F4A5751502B}.Release|Any CPU.ActiveCfg = Release|Any CPU
		{9EC9FA49-B001-4838-87B2-7F4A5751502B}.Release|Any CPU.Build.0 = Release|Any CPU
		{DD1CED92-9002-4EED-BC61-15EA33D9CC9F}.Debug|Any CPU.ActiveCfg = Debug|Any CPU
		{DD1CED92-9002-4EED-BC61-15EA33D9CC9F}.Debug|Any CPU.Build.0 = Debug|Any CPU
		{DD1CED92-9002-4EED-BC61-15EA33D9CC9F}.Release|Any CPU.ActiveCfg = Release|Any CPU
		{DD1CED92-9002-4EED-BC61-15EA33D9CC9F}.Release|Any CPU.Build.0 = Release|Any CPU
		{7BD45244-B6EB-4B46-99A8-7E3AF867465E}.Debug|Any CPU.ActiveCfg = Debug|Any CPU
		{7BD45244-B6EB-4B46-99A8-7E3AF867465E}.Debug|Any CPU.Build.0 = Debug|Any CPU
		{7BD45244-B6EB-4B46-99A8-7E3AF867465E}.Release|Any CPU.ActiveCfg = Release|Any CPU
		{7BD45244-B6EB-4B46-99A8-7E3AF867465E}.Release|Any CPU.Build.0 = Release|Any CPU
		{0ADB6157-8E5F-41D6-9860-11BF82FA9571}.Debug|Any CPU.ActiveCfg = Debug|Any CPU
		{0ADB6157-8E5F-41D6-9860-11BF82FA9571}.Debug|Any CPU.Build.0 = Debug|Any CPU
		{0ADB6157-8E5F-41D6-9860-11BF82FA9571}.Release|Any CPU.ActiveCfg = Release|Any CPU
		{0ADB6157-8E5F-41D6-9860-11BF82FA9571}.Release|Any CPU.Build.0 = Release|Any CPU
		{A963747A-EA46-4DD6-A84D-90D95F7D0486}.Debug|Any CPU.ActiveCfg = Debug|Any CPU
		{A963747A-EA46-4DD6-A84D-90D95F7D0486}.Debug|Any CPU.Build.0 = Debug|Any CPU
		{A963747A-EA46-4DD6-A84D-90D95F7D0486}.Release|Any CPU.ActiveCfg = Release|Any CPU
		{A963747A-EA46-4DD6-A84D-90D95F7D0486}.Release|Any CPU.Build.0 = Release|Any CPU
	EndGlobalSection
	GlobalSection(SolutionProperties) = preSolution
		HideSolutionNode = FALSE
	EndGlobalSection
	GlobalSection(ExtensibilityGlobals) = postSolution
		SolutionGuid = {8B1DFB0E-A47B-41DD-A499-4F99174853A1}
	EndGlobalSection
EndGlobal
